
Microsoft Visual Studio Solution File, Format Version 12.00
# Visual Studio Version 17
VisualStudioVersion = 17.5.33530.505
MinimumVisualStudioVersion = 10.0.40219.1
Project("{FAE04EC0-301F-11D3-BF4B-00C04F79EFBC}") = "WorkDivision", "WorkDivision\WorkDivision.csproj", "{ADF7CE26-6B26-4A58-B4B5-4D5EAC0218F0}"
EndProject
Project("{FAE04EC0-301F-11D3-BF4B-00C04F79EFBC}") = "WorkDivision.Tests", "WorkDivision.Tests\WorkDivision.Tests.csproj", "{E22DD63B-35BF-40BD-B7E9-F01BCF2830A1}"
EndProject
Global
	GlobalSection(SolutionConfigurationPlatforms) = preSolution
		Debug|Any CPU = Debug|Any CPU
		Release|Any CPU = Release|Any CPU
	EndGlobalSection
	GlobalSection(ProjectConfigurationPlatforms) = postSolution
		{ADF7CE26-6B26-4A58-B4B5-4D5EAC0218F0}.Debug|Any CPU.ActiveCfg = Debug|Any CPU
		{ADF7CE26-6B26-4A58-B4B5-4D5EAC0218F0}.Debug|Any CPU.Build.0 = Debug|Any CPU
		{ADF7CE26-6B26-4A58-B4B5-4D5EAC0218F0}.Release|Any CPU.ActiveCfg = Release|Any CPU
		{ADF7CE26-6B26-4A58-B4B5-4D5EAC0218F0}.Release|Any CPU.Build.0 = Release|Any CPU
		{E22DD63B-35BF-40BD-B7E9-F01BCF2830A1}.Debug|Any CPU.ActiveCfg = Debug|Any CPU
		{E22DD63B-35BF-40BD-B7E9-F01BCF2830A1}.Debug|Any CPU.Build.0 = Debug|Any CPU
		{E22DD63B-35BF-40BD-B7E9-F01BCF2830A1}.Release|Any CPU.ActiveCfg = Release|Any CPU
		{E22DD63B-35BF-40BD-B7E9-F01BCF2830A1}.Release|Any CPU.Build.0 = Release|Any CPU
	EndGlobalSection
	GlobalSection(SolutionProperties) = preSolution
		HideSolutionNode = FALSE
	EndGlobalSection
	GlobalSection(ExtensibilityGlobals) = postSolution
		SolutionGuid = {21DD6A19-EE9D-451E-8751-D2B74994D080}
	EndGlobalSection
EndGlobal
